PODS:
  - IBMMobileFirstPlatformFoundation (8.0.2020032408)
  - IBMMobileFirstPlatformFoundationLiveUpdate (8.0.202003051505):
    - IBMMobileFirstPlatformFoundation (~> 8.0)

DEPENDENCIES:
  - IBMMobileFirstPlatformFoundationLiveUpdate

SPEC REPOS:
  trunk:
    - IBMMobileFirstPlatformFoundation
    - IBMMobileFirstPlatformFoundationLiveUpdate

SPEC CHECKSUMS:
  IBMMobileFirstPlatformFoundation: 7b47eb132e3b3c1aaca27f1cef11090347c01798
  IBMMobileFirstPlatformFoundationLiveUpdate: 3af953b6bfc788d62e2f9ae4b90ab6e0a1eb09c6

PODFILE CHECKSUM: 8a26c7217ac06e40ccebf05a35672494d99ad395

COCOAPODS: 1.9.1
