// !$*UTF8*$!
{
	archiveVersion = 1;
	classes = {
	};
	objectVersion = 46;
	objects = {

/* Begin PBXBuildFile section */
		B22AC7CAB924AED50EADAF89 /* Pods_HelloLiveUpdate.framework in Frameworks */ = {isa = PBXBuildFile; fileRef = 6C35DFEE97C0E4535637B127 /* Pods_HelloLiveUpdate.framework */; };
		D41FDAB31D22764200318687 /* de.png in Resources */ = {isa = PBXBuildFile; fileRef = D41FDAB21D22764200318687 /* de.png */; };
		D4FFA8AC1D1FAB84001F5E30 /* AppDelegate.swift in Sources */ = {isa = PBXBuildFile; fileRef = D4FFA8AB1D1FAB84001F5E30 /* AppDelegate.swift */; };
		D4FFA8AE1D1FAB84001F5E30 /* ViewController.swift in Sources */ = {isa = PBXBuildFile; fileRef = D4FFA8AD1D1FAB84001F5E30 /* ViewController.swift */; };
		D4FFA8B11D1FAB84001F5E30 /* Main.storyboard in Resources */ = {isa = PBXBuildFile; fileRef = D4FFA8AF1D1FAB84001F5E30 /* Main.storyboard */; };
		D4FFA8B31D1FAB84001F5E30 /* Assets.xcassets in Resources */ = {isa = PBXBuildFile; fileRef = D4FFA8B21D1FAB84001F5E30 /* Assets.xcassets */; };
		D4FFA8B61D1FAB84001F5E30 /* LaunchScreen.storyboard in Resources */ = {isa = PBXBuildFile; fileRef = D4FFA8B41D1FAB84001F5E30 /* LaunchScreen.storyboard */; };
		D4FFA8C01D1FE14B001F5E30 /* mfpclient.plist in Resources */ = {isa = PBXBuildFile; fileRef = D4FFA8BF1D1FE14B001F5E30 /* mfpclient.plist */; };
		D4FFA8C31D20FA64001F5E30 /* us.png in Resources */ = {isa = PBXBuildFile; fileRef = D4FFA8C21D20FA64001F5E30 /* us.png */; };
		D4FFA8C51D2100C1001F5E30 /* uk.png in Resources */ = {isa = PBXBuildFile; fileRef = D4FFA8C41D2100C1001F5E30 /* uk.png */; };
		D4FFA8C71D2101F1001F5E30 /* fr.png in Resources */ = {isa = PBXBuildFile; fileRef = D4FFA8C61D2101F1001F5E30 /* fr.png */; };
		D4FFA8C91D210B5A001F5E30 /* it.png in Resources */ = {isa = PBXBuildFile; fileRef = D4FFA8C81D210B5A001F5E30 /* it.png */; };
		D4FFA8CB1D210B64001F5E30 /* es.png in Resources */ = {isa = PBXBuildFile; fileRef = D4FFA8CA1D210B64001F5E30 /* es.png */; };
/* End PBXBuildFile section */

/* Begin PBXFileReference section */
		6C35DFEE97C0E4535637B127 /* Pods_HelloLiveUpdate.framework */ = {isa = PBXFileReference; explicitFileType = wrapper.framework; includeInIndex = 0; path = Pods_HelloLiveUpdate.framework; sourceTree = BUILT_PRODUCTS_DIR; };
		828D57861DFDA681005CADB1 /* HelloLiveUpdate.entitlements */ = {isa = PBXFileReference; lastKnownFileType = text.plist.entitlements; path = HelloLiveUpdate.entitlements; sourceTree = "<group>"; };
		841237D8587A3A67FA6C76C5 /* Pods-HelloLiveUpdate.release.xcconfig */ = {isa = PBXFileReference; includeInIndex = 1; lastKnownFileType = text.xcconfig; name = "Pods-HelloLiveUpdate.release.xcconfig"; path = "Target Support Files/Pods-HelloLiveUpdate/Pods-HelloLiveUpdate.release.xcconfig"; sourceTree = "<group>"; };
		C98B4D7693DDC563223E9B08 /* Pods-HelloLiveUpdate.debug.xcconfig */ = {isa = PBXFileReference; includeInIndex = 1; lastKnownFileType = text.xcconfig; name = "Pods-HelloLiveUpdate.debug.xcconfig"; path = "Target Support Files/Pods-HelloLiveUpdate/Pods-HelloLiveUpdate.debug.xcconfig"; sourceTree = "<group>"; };
		D41FDAB21D22764200318687 /* de.png */ = {isa = PBXFileReference; lastKnownFileType = image.png; path = de.png; sourceTree = "<group>"; };
		D4FFA8A81D1FAB84001F5E30 /* HelloLiveUpdate.app */ = {isa = PBXFileReference; explicitFileType = wrapper.application; includeInIndex = 0; path = HelloLiveUpdate.app; sourceTree = BUILT_PRODUCTS_DIR; };
		D4FFA8AB1D1FAB84001F5E30 /* AppDelegate.swift */ = {isa = PBXFileReference; lastKnownFileType = sourcecode.swift; path = AppDelegate.swift; sourceTree = "<group>"; };
		D4FFA8AD1D1FAB84001F5E30 /* ViewController.swift */ = {isa = PBXFileReference; lastKnownFileType = sourcecode.swift; path = ViewController.swift; sourceTree = "<group>"; };
		D4FFA8B01D1FAB84001F5E30 /* Base */ = {isa = PBXFileReference; lastKnownFileType = file.storyboard; name = Base; path = Base.lproj/Main.storyboard; sourceTree = "<group>"; };
		D4FFA8B21D1FAB84001F5E30 /* Assets.xcassets */ = {isa = PBXFileReference; lastKnownFileType = folder.assetcatalog; path = Assets.xcassets; sourceTree = "<group>"; };
		D4FFA8B51D1FAB84001F5E30 /* Base */ = {isa = PBXFileReference; lastKnownFileType = file.storyboard; name = Base; path = Base.lproj/LaunchScreen.storyboard; sourceTree = "<group>"; };
		D4FFA8B71D1FAB84001F5E30 /* Info.plist */ = {isa = PBXFileReference; lastKnownFileType = text.plist.xml; path = Info.plist; sourceTree = "<group>"; };
		D4FFA8BF1D1FE14B001F5E30 /* mfpclient.plist */ = {isa = PBXFileReference; fileEncoding = 4; lastKnownFileType = text.plist.xml; path = mfpclient.plist; sourceTree = "<group>"; };
		D4FFA8C21D20FA64001F5E30 /* us.png */ = {isa = PBXFileReference; lastKnownFileType = image.png; path = us.png; sourceTree = "<group>"; };
		D4FFA8C41D2100C1001F5E30 /* uk.png */ = {isa = PBXFileReference; lastKnownFileType = image.png; path = uk.png; sourceTree = "<group>"; };
		D4FFA8C61D2101F1001F5E30 /* fr.png */ = {isa = PBXFileReference; lastKnownFileType = image.png; path = fr.png; sourceTree = "<group>"; };
		D4FFA8C81D210B5A001F5E30 /* it.png */ = {isa = PBXFileReference; lastKnownFileType = image.png; path = it.png; sourceTree = "<group>"; };
		D4FFA8CA1D210B64001F5E30 /* es.png */ = {isa = PBXFileReference; lastKnownFileType = image.png; path = es.png; sourceTree = "<group>"; };
/* End PBXFileReference section */

/* Begin PBXFrameworksBuildPhase section */
		D4FFA8A51D1FAB84001F5E30 /* Frameworks */ = {
			isa = PBXFrameworksBuildPhase;
			buildActionMask = 2147483647;
			files = (
				B22AC7CAB924AED50EADAF89 /* Pods_HelloLiveUpdate.framework in Frameworks */,
			);
			runOnlyForDeploymentPostprocessing = 0;
		};
/* End PBXFrameworksBuildPhase section */

/* Begin PBXGroup section */
		569BA5C71F149B3EC00183E8 /* Frameworks */ = {
			isa = PBXGroup;
			children = (
				6C35DFEE97C0E4535637B127 /* Pods_HelloLiveUpdate.framework */,
			);
			name = Frameworks;
			sourceTree = "<group>";
		};
		CFDB43EB53FA080DF9E35D89 /* Pods */ = {
			isa = PBXGroup;
			children = (
				C98B4D7693DDC563223E9B08 /* Pods-HelloLiveUpdate.debug.xcconfig */,
				841237D8587A3A67FA6C76C5 /* Pods-HelloLiveUpdate.release.xcconfig */,
			);
			path = Pods;
			sourceTree = "<group>";
		};
		D4FFA89F1D1FAB84001F5E30 = {
			isa = PBXGroup;
			children = (
				D4FFA8C11D20FA64001F5E30 /* images */,
				D4FFA8BF1D1FE14B001F5E30 /* mfpclient.plist */,
				D4FFA8AA1D1FAB84001F5E30 /* HelloLiveUpdate */,
				D4FFA8A91D1FAB84001F5E30 /* Products */,
				CFDB43EB53FA080DF9E35D89 /* Pods */,
				569BA5C71F149B3EC00183E8 /* Frameworks */,
			);
			sourceTree = "<group>";
		};
		D4FFA8A91D1FAB84001F5E30 /* Products */ = {
			isa = PBXGroup;
			children = (
				D4FFA8A81D1FAB84001F5E30 /* HelloLiveUpdate.app */,
			);
			name = Products;
			sourceTree = "<group>";
		};
		D4FFA8AA1D1FAB84001F5E30 /* HelloLiveUpdate */ = {
			isa = PBXGroup;
			children = (
				828D57861DFDA681005CADB1 /* HelloLiveUpdate.entitlements */,
				D4FFA8AB1D1FAB84001F5E30 /* AppDelegate.swift */,
				D4FFA8AD1D1FAB84001F5E30 /* ViewController.swift */,
				D4FFA8AF1D1FAB84001F5E30 /* Main.storyboard */,
				D4FFA8B21D1FAB84001F5E30 /* Assets.xcassets */,
				D4FFA8B41D1FAB84001F5E30 /* LaunchScreen.storyboard */,
				D4FFA8B71D1FAB84001F5E30 /* Info.plist */,
			);
			path = HelloLiveUpdate;
			sourceTree = "<group>";
		};
		D4FFA8C11D20FA64001F5E30 /* images */ = {
			isa = PBXGroup;
			children = (
				D41FDAB21D22764200318687 /* de.png */,
				D4FFA8CA1D210B64001F5E30 /* es.png */,
				D4FFA8C61D2101F1001F5E30 /* fr.png */,
				D4FFA8C41D2100C1001F5E30 /* uk.png */,
				D4FFA8C21D20FA64001F5E30 /* us.png */,
				D4FFA8C81D210B5A001F5E30 /* it.png */,
			);
			name = images;
			path = HelloLiveUpdate/images;
			sourceTree = "<group>";
		};
/* End PBXGroup section */

/* Begin PBXNativeTarget section */
		D4FFA8A71D1FAB84001F5E30 /* HelloLiveUpdate */ = {
			isa = PBXNativeTarget;
			buildConfigurationList = D4FFA8BA1D1FAB84001F5E30 /* Build configuration list for PBXNativeTarget "HelloLiveUpdate" */;
			buildPhases = (
				CC86E1F559C75B85B77AA5B3 /* [CP] Check Pods Manifest.lock */,
				D4FFA8A41D1FAB84001F5E30 /* Sources */,
				D4FFA8A51D1FAB84001F5E30 /* Frameworks */,
				D4FFA8A61D1FAB84001F5E30 /* Resources */,
				8B87923F68BDE8C18B81E902 /* [CP] Embed Pods Frameworks */,
				75BD0CE257BE00DFFEA74235 /* [CP] Copy Pods Resources */,
			);
			buildRules = (
			);
			dependencies = (
			);
			name = HelloLiveUpdate;
			productName = HelloLiveUpdate;
			productReference = D4FFA8A81D1FAB84001F5E30 /* HelloLiveUpdate.app */;
			productType = "com.apple.product-type.application";
		};
/* End PBXNativeTarget section */

/* Begin PBXProject section */
		D4FFA8A01D1FAB84001F5E30 /* Project object */ = {
			isa = PBXProject;
			attributes = {
				LastSwiftUpdateCheck = 0730;
				LastUpgradeCheck = 0730;
				ORGANIZATIONNAME = IBM;
				TargetAttributes = {
					D4FFA8A71D1FAB84001F5E30 = {
						CreatedOnToolsVersion = 7.3;
						DevelopmentTeam = EKLCR79JH6;
						LastSwiftMigration = 0810;
						SystemCapabilities = {
							com.apple.Keychain = {
								enabled = 1;
							};
						};
					};
				};
			};
			buildConfigurationList = D4FFA8A31D1FAB84001F5E30 /* Build configuration list for PBXProject "HelloLiveUpdate" */;
			compatibilityVersion = "Xcode 3.2";
			developmentRegion = English;
			hasScannedForEncodings = 0;
			knownRegions = (
				English,
				en,
				Base,
			);
			mainGroup = D4FFA89F1D1FAB84001F5E30;
			productRefGroup = D4FFA8A91D1FAB84001F5E30 /* Products */;
			projectDirPath = "";
			projectRoot = "";
			targets = (
				D4FFA8A71D1FAB84001F5E30 /* HelloLiveUpdate */,
			);
		};
/* End PBXProject section */

/* Begin PBXResourcesBuildPhase section */
		D4FFA8A61D1FAB84001F5E30 /* Resources */ = {
			isa = PBXResourcesBuildPhase;
			buildActionMask = 2147483647;
			files = (
				D41FDAB31D22764200318687 /* de.png in Resources */,
				D4FFA8B61D1FAB84001F5E30 /* LaunchScreen.storyboard in Resources */,
				D4FFA8B31D1FAB84001F5E30 /* Assets.xcassets in Resources */,
				D4FFA8CB1D210B64001F5E30 /* es.png in Resources */,
				D4FFA8C71D2101F1001F5E30 /* fr.png in Resources */,
				D4FFA8B11D1FAB84001F5E30 /* Main.storyboard in Resources */,
				D4FFA8C01D1FE14B001F5E30 /* mfpclient.plist in Resources */,
				D4FFA8C31D20FA64001F5E30 /* us.png in Resources */,
				D4FFA8C91D210B5A001F5E30 /* it.png in Resources */,
				D4FFA8C51D2100C1001F5E30 /* uk.png in Resources */,
			);
			runOnlyForDeploymentPostprocessing = 0;
		};
/* End PBXResourcesBuildPhase section */

/* Begin PBXShellScriptBuildPhase section */
		75BD0CE257BE00DFFEA74235 /* [CP] Copy Pods Resources */ = {
			isa = PBXShellScriptBuildPhase;
			buildActionMask = 2147483647;
			files = (
			);
			inputPaths = (
				"${PODS_ROOT}/Target Support Files/Pods-HelloLiveUpdate/Pods-HelloLiveUpdate-resources.sh",
				"${PODS_ROOT}/IBMMobileFirstPlatformFoundation/IBMMobileFirstPlatformFoundation/Resources/Localizations.bundle",
			);
			name = "[CP] Copy Pods Resources";
			outputPaths = (
				"${TARGET_BUILD_DIR}/${UNLOCALIZED_RESOURCES_FOLDER_PATH}/Localizations.bundle",
			);
			runOnlyForDeploymentPostprocessing = 0;
			shellPath = /bin/sh;
			shellScript = "\"${PODS_ROOT}/Target Support Files/Pods-HelloLiveUpdate/Pods-HelloLiveUpdate-resources.sh\"\n";
			showEnvVarsInLog = 0;
		};
		8B87923F68BDE8C18B81E902 /* [CP] Embed Pods Frameworks */ = {
			isa = PBXShellScriptBuildPhase;
			buildActionMask = 2147483647;
			files = (
			);
			inputPaths = (
				"${PODS_ROOT}/Target Support Files/Pods-HelloLiveUpdate/Pods-HelloLiveUpdate-frameworks.sh",
				"${PODS_ROOT}/IBMMobileFirstPlatformFoundation/IBMMobileFirstPlatformFoundation/Frameworks/IBMMobileFirstPlatformFoundation.framework",
				"${PODS_ROOT}/IBMMobileFirstPlatformFoundation/IBMMobileFirstPlatformFoundation/Frameworks/IBMMobileFoundationSwift.framework",
				"${BUILT_PRODUCTS_DIR}/IBMMobileFirstPlatformFoundationLiveUpdate/IBMMobileFirstPlatformFoundationLiveUpdate.framework",
			);
			name = "[CP] Embed Pods Frameworks";
			outputPaths = (
				"${TARGET_BUILD_DIR}/${FRAMEWORKS_FOLDER_PATH}/IBMMobileFirstPlatformFoundation.framework",
				"${TARGET_BUILD_DIR}/${FRAMEWORKS_FOLDER_PATH}/IBMMobileFoundationSwift.framework",
				"${TARGET_BUILD_DIR}/${FRAMEWORKS_FOLDER_PATH}/IBMMobileFirstPlatformFoundationLiveUpdate.framework",
			);
			runOnlyForDeploymentPostprocessing = 0;
			shellPath = /bin/sh;
			shellScript = "\"${PODS_ROOT}/Target Support Files/Pods-HelloLiveUpdate/Pods-HelloLiveUpdate-frameworks.sh\"\n";
			showEnvVarsInLog = 0;
		};
		CC86E1F559C75B85B77AA5B3 /* [CP] Check Pods Manifest.lock */ = {
			isa = PBXShellScriptBuildPhase;
			buildActionMask = 2147483647;
			files = (
			);
			inputFileListPaths = (
			);
			inputPaths = (
				"${PODS_PODFILE_DIR_PATH}/Podfile.lock",
				"${PODS_ROOT}/Manifest.lock",
			);
			name = "[CP] Check Pods Manifest.lock";
			outputFileListPaths = (
			);
			outputPaths = (
				"$(DERIVED_FILE_DIR)/Pods-HelloLiveUpdate-checkManifestLockResult.txt",
			);
			runOnlyForDeploymentPostprocessing = 0;
			shellPath = /bin/sh;
			shellScript = "diff \"${PODS_PODFILE_DIR_PATH}/Podfile.lock\" \"${PODS_ROOT}/Manifest.lock\" > /dev/null\nif [ $? != 0 ] ; then\n    # print error to STDERR\n    echo \"error: The sandbox is not in sync with the Podfile.lock. Run 'pod install' or update your CocoaPods installation.\" >&2\n    exit 1\nfi\n# This output is used by Xcode 'outputs' to avoid re-running this script phase.\necho \"SUCCESS\" > \"${SCRIPT_OUTPUT_FILE_0}\"\n";
			showEnvVarsInLog = 0;
		};
/* End PBXShellScriptBuildPhase section */

/* Begin PBXSourcesBuildPhase section */
		D4FFA8A41D1FAB84001F5E30 /* Sources */ = {
			isa = PBXSourcesBuildPhase;
			buildActionMask = 2147483647;
			files = (
				D4FFA8AE1D1FAB84001F5E30 /* ViewController.swift in Sources */,
				D4FFA8AC1D1FAB84001F5E30 /* AppDelegate.swift in Sources */,
			);
			runOnlyForDeploymentPostprocessing = 0;
		};
/* End PBXSourcesBuildPhase section */

/* Begin PBXVariantGroup section */
		D4FFA8AF1D1FAB84001F5E30 /* Main.storyboard */ = {
			isa = PBXVariantGroup;
			children = (
				D4FFA8B01D1FAB84001F5E30 /* Base */,
			);
			name = Main.storyboard;
			sourceTree = "<group>";
		};
		D4FFA8B41D1FAB84001F5E30 /* LaunchScreen.storyboard */ = {
			isa = PBXVariantGroup;
			children = (
				D4FFA8B51D1FAB84001F5E30 /* Base */,
			);
			name = LaunchScreen.storyboard;
			sourceTree = "<group>";
		};
/* End PBXVariantGroup section */

/* Begin XCBuildConfiguration section */
		D4FFA8B81D1FAB84001F5E30 /* Debug */ = {
			isa = XCBuildConfiguration;
			buildSettings = {
				ALWAYS_SEARCH_USER_PATHS = NO;
				CLANG_ANALYZER_NONNULL = YES;
				CLANG_CXX_LANGUAGE_STANDARD = "gnu++0x";
				CLANG_CXX_LIBRARY = "libc++";
				CLANG_ENABLE_MODULES = YES;
				CLANG_ENABLE_OBJC_ARC = YES;
				CLANG_WARN_BOOL_CONVERSION = YES;
				CLANG_WARN_CONSTANT_CONVERSION = YES;
				CLANG_WARN_DIRECT_OBJC_ISA_USAGE = YES_ERROR;
				CLANG_WARN_EMPTY_BODY = YES;
				CLANG_WARN_ENUM_CONVERSION = YES;
				CLANG_WARN_INT_CONVERSION = YES;
				CLANG_WARN_OBJC_ROOT_CLASS = YES_ERROR;
				CLANG_WARN_UNREACHABLE_CODE = YES;
				CLANG_WARN__DUPLICATE_METHOD_MATCH = YES;
				"CODE_SIGN_IDENTITY[sdk=iphoneos*]" = "iPhone Developer";
				COPY_PHASE_STRIP = NO;
				DEBUG_INFORMATION_FORMAT = dwarf;
				ENABLE_STRICT_OBJC_MSGSEND = YES;
				ENABLE_TESTABILITY = YES;
				GCC_C_LANGUAGE_STANDARD = gnu99;
				GCC_DYNAMIC_NO_PIC = NO;
				GCC_NO_COMMON_BLOCKS = YES;
				GCC_OPTIMIZATION_LEVEL = 0;
				GCC_PREPROCESSOR_DEFINITIONS = (
					"DEBUG=1",
					"$(inherited)",
				);
				GCC_WARN_64_TO_32_BIT_CONVERSION = YES;
				GCC_WARN_ABOUT_RETURN_TYPE = YES_ERROR;
				GCC_WARN_UNDECLARED_SELECTOR = YES;
				GCC_WARN_UNINITIALIZED_AUTOS = YES_AGGRESSIVE;
				GCC_WARN_UNUSED_FUNCTION = YES;
				GCC_WARN_UNUSED_VARIABLE = YES;
				IPHONEOS_DEPLOYMENT_TARGET = 9.3;
				MTL_ENABLE_DEBUG_INFO = YES;
				ONLY_ACTIVE_ARCH = YES;
				SDKROOT = iphoneos;
				SWIFT_OPTIMIZATION_LEVEL = "-Onone";
				SWIFT_VERSION = 5.0;
			};
			name = Debug;
		};
		D4FFA8B91D1FAB84001F5E30 /* Release */ = {
			isa = XCBuildConfiguration;
			buildSettings = {
				ALWAYS_SEARCH_USER_PATHS = NO;
				CLANG_ANALYZER_NONNULL = YES;
				CLANG_CXX_LANGUAGE_STANDARD = "gnu++0x";
				CLANG_CXX_LIBRARY = "libc++";
				CLANG_ENABLE_MODULES = YES;
				CLANG_ENABLE_OBJC_ARC = YES;
				CLANG_WARN_BOOL_CONVERSION = YES;
				CLANG_WARN_CONSTANT_CONVERSION = YES;
				CLANG_WARN_DIRECT_OBJC_ISA_USAGE = YES_ERROR;
				CLANG_WARN_EMPTY_BODY = YES;
				CLANG_WARN_ENUM_CONVERSION = YES;
				CLANG_WARN_INT_CONVERSION = YES;
				CLANG_WARN_OBJC_ROOT_CLASS = YES_ERROR;
				CLANG_WARN_UNREACHABLE_CODE = YES;
				CLANG_WARN__DUPLICATE_METHOD_MATCH = YES;
				"CODE_SIGN_IDENTITY[sdk=iphoneos*]" = "iPhone Developer";
				COPY_PHASE_STRIP = NO;
				DEBUG_INFORMATION_FORMAT = "dwarf-with-dsym";
				ENABLE_NS_ASSERTIONS = NO;
				ENABLE_STRICT_OBJC_MSGSEND = YES;
				GCC_C_LANGUAGE_STANDARD = gnu99;
				GCC_NO_COMMON_BLOCKS = YES;
				GCC_WARN_64_TO_32_BIT_CONVERSION = YES;
				GCC_WARN_ABOUT_RETURN_TYPE = YES_ERROR;
				GCC_WARN_UNDECLARED_SELECTOR = YES;
				GCC_WARN_UNINITIALIZED_AUTOS = YES_AGGRESSIVE;
				GCC_WARN_UNUSED_FUNCTION = YES;
				GCC_WARN_UNUSED_VARIABLE = YES;
				IPHONEOS_DEPLOYMENT_TARGET = 9.3;
				MTL_ENABLE_DEBUG_INFO = NO;
				SDKROOT = iphoneos;
				SWIFT_VERSION = 5.0;
				VALIDATE_PRODUCT = YES;
			};
			name = Release;
		};
		D4FFA8BB1D1FAB84001F5E30 /* Debug */ = {
			isa = XCBuildConfiguration;
			baseConfigurationReference = C98B4D7693DDC563223E9B08 /* Pods-HelloLiveUpdate.debug.xcconfig */;
			buildSettings = {
				ASSETCATALOG_COMPILER_APPICON_NAME = AppIcon;
				CODE_SIGN_ENTITLEMENTS = HelloLiveUpdate/HelloLiveUpdate.entitlements;
				DEVELOPMENT_TEAM = EKLCR79JH6;
				INFOPLIST_FILE = HelloLiveUpdate/Info.plist;
				IPHONEOS_DEPLOYMENT_TARGET = 9.3;
				LD_RUNPATH_SEARCH_PATHS = "$(inherited) @executable_path/Frameworks";
				PRODUCT_BUNDLE_IDENTIFIER = com.sample.HelloLiveUpdate;
				PRODUCT_NAME = "$(TARGET_NAME)";
				SWIFT_VERSION = 5.0;
			};
			name = Debug;
		};
		D4FFA8BC1D1FAB84001F5E30 /* Release */ = {
			isa = XCBuildConfiguration;
			baseConfigurationReference = 841237D8587A3A67FA6C76C5 /* Pods-HelloLiveUpdate.release.xcconfig */;
			buildSettings = {
				ASSETCATALOG_COMPILER_APPICON_NAME = AppIcon;
				CODE_SIGN_ENTITLEMENTS = HelloLiveUpdate/HelloLiveUpdate.entitlements;
				DEVELOPMENT_TEAM = EKLCR79JH6;
				INFOPLIST_FILE = HelloLiveUpdate/Info.plist;
				IPHONEOS_DEPLOYMENT_TARGET = 9.3;
				LD_RUNPATH_SEARCH_PATHS = "$(inherited) @executable_path/Frameworks";
				PRODUCT_BUNDLE_IDENTIFIER = com.sample.HelloLiveUpdate;
				PRODUCT_NAME = "$(TARGET_NAME)";
				SWIFT_VERSION = 5.0;
			};
			name = Release;
		};
/* End XCBuildConfiguration section */

/* Begin XCConfigurationList section */
		D4FFA8A31D1FAB84001F5E30 /* Build configuration list for PBXProject "HelloLiveUpdate" */ = {
			isa = XCConfigurationList;
			buildConfigurations = (
				D4FFA8B81D1FAB84001F5E30 /* Debug */,
				D4FFA8B91D1FAB84001F5E30 /* Release */,
			);
			defaultConfigurationIsVisible = 0;
			defaultConfigurationName = Release;
		};
		D4FFA8BA1D1FAB84001F5E30 /* Build configuration list for PBXNativeTarget "HelloLiveUpdate" */ = {
			isa = XCConfigurationList;
			buildConfigurations = (
				D4FFA8BB1D1FAB84001F5E30 /* Debug */,
				D4FFA8BC1D1FAB84001F5E30 /* Release */,
			);
			defaultConfigurationIsVisible = 0;
			defaultConfigurationName = Release;
		};
/* End XCConfigurationList section */
	};
	rootObject = D4FFA8A01D1FAB84001F5E30 /* Project object */;
}
